
Microsoft Visual Studio Solution File, Format Version 12.00
# Visual Studio Version 17
VisualStudioVersion = 17.14.36202.13 d17.14
MinimumVisualStudioVersion = 10.0.40219.1
Project("{FAE04EC0-301F-11D3-BF4B-00C04F79EFBC}") = "AutoRepairWorkshop", "AutoRepairWorkshop\AutoRepairWorkshop.csproj", "{B576A93F-7408-4F5E-83C5-CB2F4914AA40}"
EndProject
Global
	GlobalSection(SolutionConfigurationPlatforms) = preSolution
		Debug|Any CPU = Debug|Any CPU
		Release|Any CPU = Release|Any CPU
	EndGlobalSection
	GlobalSection(ProjectConfigurationPlatforms) = postSolution
		{B576A93F-7408-4F5E-83C5-CB2F4914AA40}.Debug|Any CPU.ActiveCfg = Debug|Any CPU
		{B576A93F-7408-4F5E-83C5-CB2F4914AA40}.Debug|Any CPU.Build.0 = Debug|Any CPU
		{B576A93F-7408-4F5E-83C5-CB2F4914AA40}.Release|Any CPU.ActiveCfg = Release|Any CPU
		{B576A93F-7408-4F5E-83C5-CB2F4914AA40}.Release|Any CPU.Build.0 = Release|Any CPU
	EndGlobalSection
	GlobalSection(SolutionProperties) = preSolution
		HideSolutionNode = FALSE
	EndGlobalSection
	GlobalSection(ExtensibilityGlobals) = postSolution
		SolutionGuid = {2D4387FC-C394-48A9-B119-441AA7DC71AB}
	EndGlobalSection
EndGlobal
